// !$*UTF8*$!
{
	archiveVersion = 1;
	classes = {
	};
	objectVersion = 56;
	objects = {

/* Begin PBXBuildFile section */
		FA5896B32A990863003A5149 /* ListView.swift in Sources */ = {isa = PBXBuildFile; fileRef = FA5896B22A990863003A5149 /* ListView.swift */; };
		FA5896B52A990910003A5149 /* Article.swift in Sources */ = {isa = PBXBuildFile; fileRef = FA5896B42A990910003A5149 /* Article.swift */; };
		FA5896B72A990931003A5149 /* PopularResult.swift in Sources */ = {isa = PBXBuildFile; fileRef = FA5896B62A990931003A5149 /* PopularResult.swift */; };
		FA5896BB2A9909A4003A5149 /* NetworkConstants.swift in Sources */ = {isa = PBXBuildFile; fileRef = FA5896BA2A9909A4003A5149 /* NetworkConstants.swift */; };
		FA5896BD2A9909CA003A5149 /* APICall.swift in Sources */ = {isa = PBXBuildFile; fileRef = FA5896BC2A9909CA003A5149 /* APICall.swift */; };
		FA5896BF2A9909EF003A5149 /* WebRepository.swift in Sources */ = {isa = PBXBuildFile; fileRef = FA5896BE2A9909EF003A5149 /* WebRepository.swift */; };
		FA5896C12A990A4B003A5149 /* NetworkingHelpers.swift in Sources */ = {isa = PBXBuildFile; fileRef = FA5896C02A990A4B003A5149 /* NetworkingHelpers.swift */; };
		FA5896C32A990A73003A5149 /* Loadable.swift in Sources */ = {isa = PBXBuildFile; fileRef = FA5896C22A990A73003A5149 /* Loadable.swift */; };
		FA5896C52A990A8D003A5149 /* CancelBag.swift in Sources */ = {isa = PBXBuildFile; fileRef = FA5896C42A990A8D003A5149 /* CancelBag.swift */; };
		FA5896C72A991782003A5149 /* ListViewModel.swift in Sources */ = {isa = PBXBuildFile; fileRef = FA5896C62A991782003A5149 /* ListViewModel.swift */; };
		FA5896C92A991792003A5149 /* DisplayItem.swift in Sources */ = {isa = PBXBuildFile; fileRef = FA5896C82A991792003A5149 /* DisplayItem.swift */; };
		FA5896CB2A9919A2003A5149 /* ArticlesWebRepository.swift in Sources */ = {isa = PBXBuildFile; fileRef = FA5896CA2A9919A2003A5149 /* ArticlesWebRepository.swift */; };
		FA5896CE2A991F2A003A5149 /* ArticleService.swift in Sources */ = {isa = PBXBuildFile; fileRef = FA5896CD2A991F2A003A5149 /* ArticleService.swift */; };
		FA5896D22A9925A2003A5149 /* Store.swift in Sources */ = {isa = PBXBuildFile; fileRef = FA5896D12A9925A2003A5149 /* Store.swift */; };
		FA5896D42A99266A003A5149 /* ErrorView.swift in Sources */ = {isa = PBXBuildFile; fileRef = FA5896D32A99266A003A5149 /* ErrorView.swift */; };
		FA5896D82A9926AD003A5149 /* DetailRow.swift in Sources */ = {isa = PBXBuildFile; fileRef = FA5896D72A9926AD003A5149 /* DetailRow.swift */; };
		FA5896DA2A99A1E0003A5149 /* ImageView.swift in Sources */ = {isa = PBXBuildFile; fileRef = FA5896D92A99A1E0003A5149 /* ImageView.swift */; };
		FA5896DC2A99A2C1003A5149 /* ImageWebRepository.swift in Sources */ = {isa = PBXBuildFile; fileRef = FA5896DB2A99A2C1003A5149 /* ImageWebRepository.swift */; };
		FA5896DE2A99A4C9003A5149 /* ImagesService.swift in Sources */ = {isa = PBXBuildFile; fileRef = FA5896DD2A99A4C9003A5149 /* ImagesService.swift */; };
		FAE6E1ED2A98DEDD001407E2 /* NewsReaderApp.swift in Sources */ = {isa = PBXBuildFile; fileRef = FAE6E1EC2A98DEDD001407E2 /* NewsReaderApp.swift */; };
		FAE6E1F22A98DEDD001407E2 /* NewsReader.xcdatamodeld in Sources */ = {isa = PBXBuildFile; fileRef = FAE6E1F02A98DEDD001407E2 /* NewsReader.xcdatamodeld */; };
		FAE6E1F42A98DEDD001407E2 /* ContentView.swift in Sources */ = {isa = PBXBuildFile; fileRef = FAE6E1F32A98DEDD001407E2 /* ContentView.swift */; };
		FAE6E1F62A98DEDE001407E2 /* Assets.xcassets in Resources */ = {isa = PBXBuildFile; fileRef = FAE6E1F52A98DEDE001407E2 /* Assets.xcassets */; };
		FAE6E1FA2A98DEDE001407E2 /* Preview Assets.xcassets in Resources */ = {isa = PBXBuildFile; fileRef = FAE6E1F92A98DEDE001407E2 /* Preview Assets.xcassets */; };
/* End PBXBuildFile section */

/* Begin PBXFileReference section */
		FA5896B22A990863003A5149 /* ListView.swift */ = {isa = PBXFileReference; lastKnownFileType = sourcecode.swift; path = ListView.swift; sourceTree = "<group>"; };
		FA5896B42A990910003A5149 /* Article.swift */ = {isa = PBXFileReference; lastKnownFileType = sourcecode.swift; path = Article.swift; sourceTree = "<group>"; };
		FA5896B62A990931003A5149 /* PopularResult.swift */ = {isa = PBXFileReference; lastKnownFileType = sourcecode.swift; path = PopularResult.swift; sourceTree = "<group>"; };
		FA5896BA2A9909A4003A5149 /* NetworkConstants.swift */ = {isa = PBXFileReference; lastKnownFileType = sourcecode.swift; path = NetworkConstants.swift; sourceTree = "<group>"; };
		FA5896BC2A9909CA003A5149 /* APICall.swift */ = {isa = PBXFileReference; lastKnownFileType = sourcecode.swift; path = APICall.swift; sourceTree = "<group>"; };
		FA5896BE2A9909EF003A5149 /* WebRepository.swift */ = {isa = PBXFileReference; lastKnownFileType = sourcecode.swift; path = WebRepository.swift; sourceTree = "<group>"; };
		FA5896C02A990A4B003A5149 /* NetworkingHelpers.swift */ = {isa = PBXFileReference; lastKnownFileType = sourcecode.swift; path = NetworkingHelpers.swift; sourceTree = "<group>"; };
		FA5896C22A990A73003A5149 /* Loadable.swift */ = {isa = PBXFileReference; lastKnownFileType = sourcecode.swift; path = Loadable.swift; sourceTree = "<group>"; };
		FA5896C42A990A8D003A5149 /* CancelBag.swift */ = {isa = PBXFileReference; lastKnownFileType = sourcecode.swift; path = CancelBag.swift; sourceTree = "<group>"; };
		FA5896C62A991782003A5149 /* ListViewModel.swift */ = {isa = PBXFileReference; lastKnownFileType = sourcecode.swift; path = ListViewModel.swift; sourceTree = "<group>"; };
		FA5896C82A991792003A5149 /* DisplayItem.swift */ = {isa = PBXFileReference; lastKnownFileType = sourcecode.swift; path = DisplayItem.swift; sourceTree = "<group>"; };
		FA5896CA2A9919A2003A5149 /* ArticlesWebRepository.swift */ = {isa = PBXFileReference; lastKnownFileType = sourcecode.swift; path = ArticlesWebRepository.swift; sourceTree = "<group>"; };
		FA5896CD2A991F2A003A5149 /* ArticleService.swift */ = {isa = PBXFileReference; lastKnownFileType = sourcecode.swift; path = ArticleService.swift; sourceTree = "<group>"; };
		FA5896D12A9925A2003A5149 /* Store.swift */ = {isa = PBXFileReference; lastKnownFileType = sourcecode.swift; path = Store.swift; sourceTree = "<group>"; };
		FA5896D32A99266A003A5149 /* ErrorView.swift */ = {isa = PBXFileReference; lastKnownFileType = sourcecode.swift; path = ErrorView.swift; sourceTree = "<group>"; };
		FA5896D72A9926AD003A5149 /* DetailRow.swift */ = {isa = PBXFileReference; lastKnownFileType = sourcecode.swift; path = DetailRow.swift; sourceTree = "<group>"; };
		FA5896D92A99A1E0003A5149 /* ImageView.swift */ = {isa = PBXFileReference; lastKnownFileType = sourcecode.swift; path = ImageView.swift; sourceTree = "<group>"; };
		FA5896DB2A99A2C1003A5149 /* ImageWebRepository.swift */ = {isa = PBXFileReference; lastKnownFileType = sourcecode.swift; path = ImageWebRepository.swift; sourceTree = "<group>"; };
		FA5896DD2A99A4C9003A5149 /* ImagesService.swift */ = {isa = PBXFileReference; lastKnownFileType = sourcecode.swift; path = ImagesService.swift; sourceTree = "<group>"; };
		FAE6E1E92A98DEDD001407E2 /* NewsReader.app */ = {isa = PBXFileReference; explicitFileType = wrapper.application; includeInIndex = 0; path = NewsReader.app; sourceTree = BUILT_PRODUCTS_DIR; };
		FAE6E1EC2A98DEDD001407E2 /* NewsReaderApp.swift */ = {isa = PBXFileReference; lastKnownFileType = sourcecode.swift; path = NewsReaderApp.swift; sourceTree = "<group>"; };
		FAE6E1F12A98DEDD001407E2 /* NewsReader.xcdatamodel */ = {isa = PBXFileReference; lastKnownFileType = wrapper.xcdatamodel; path = NewsReader.xcdatamodel; sourceTree = "<group>"; };
		FAE6E1F32A98DEDD001407E2 /* ContentView.swift */ = {isa = PBXFileReference; lastKnownFileType = sourcecode.swift; path = ContentView.swift; sourceTree = "<group>"; };
		FAE6E1F52A98DEDE001407E2 /* Assets.xcassets */ = {isa = PBXFileReference; lastKnownFileType = folder.assetcatalog; path = Assets.xcassets; sourceTree = "<group>"; };
		FAE6E1F72A98DEDE001407E2 /* NewsReader.entitlements */ = {isa = PBXFileReference; lastKnownFileType = text.plist.entitlements; path = NewsReader.entitlements; sourceTree = "<group>"; };
		FAE6E1F92A98DEDE001407E2 /* Preview Assets.xcassets */ = {isa = PBXFileReference; lastKnownFileType = folder.assetcatalog; path = "Preview Assets.xcassets"; sourceTree = "<group>"; };
/* End PBXFileReference section */

/* Begin PBXFrameworksBuildPhase section */
		FAE6E1E62A98DEDD001407E2 /* Frameworks */ = {
			isa = PBXFrameworksBuildPhase;
			buildActionMask = 2147483647;
			files = (
			);
			runOnlyForDeploymentPostprocessing = 0;
		};
/* End PBXFrameworksBuildPhase section */

/* Begin PBXGroup section */
		FA5896A42A990562003A5149 /* UI */ = {
			isa = PBXGroup;
			children = (
				FA5896AF2A99066A003A5149 /* Screens */,
				FA5896AE2A990657003A5149 /* Components */,
				FAE6E1F32A98DEDD001407E2 /* ContentView.swift */,
			);
			path = UI;
			sourceTree = "<group>";
		};
		FA5896A52A99056D003A5149 /* Domain */ = {
			isa = PBXGroup;
			children = (
				FA5896B12A990691003A5149 /* Entities */,
			);
			path = Domain;
			sourceTree = "<group>";
		};
		FA5896A72A990593003A5149 /* Utilities */ = {
			isa = PBXGroup;
			children = (
				FA5896C22A990A73003A5149 /* Loadable.swift */,
				FA5896C42A990A8D003A5149 /* CancelBag.swift */,
				FA5896D12A9925A2003A5149 /* Store.swift */,
			);
			path = Utilities;
			sourceTree = "<group>";
		};
		FA5896A82A9905BA003A5149 /* Network */ = {
			isa = PBXGroup;
			children = (
				FA5896BA2A9909A4003A5149 /* NetworkConstants.swift */,
				FA5896BC2A9909CA003A5149 /* APICall.swift */,
				FA5896BE2A9909EF003A5149 /* WebRepository.swift */,
				FA5896C02A990A4B003A5149 /* NetworkingHelpers.swift */,
			);
			path = Network;
			sourceTree = "<group>";
		};
		FA5896A92A9905BF003A5149 /* CoreData */ = {
			isa = PBXGroup;
			children = (
			);
			path = CoreData;
			sourceTree = "<group>";
		};
		FA5896AA2A9905D1003A5149 /* Application */ = {
			isa = PBXGroup;
			children = (
				FAE6E1EC2A98DEDD001407E2 /* NewsReaderApp.swift */,
			);
			path = Application;
			sourceTree = "<group>";
		};
		FA5896AC2A990616003A5149 /* Repositories */ = {
			isa = PBXGroup;
			children = (
				FA5896CA2A9919A2003A5149 /* ArticlesWebRepository.swift */,
				FA5896DB2A99A2C1003A5149 /* ImageWebRepository.swift */,
			);
			path = Repositories;
			sourceTree = "<group>";
		};
		FA5896AE2A990657003A5149 /* Components */ = {
			isa = PBXGroup;
			children = (
				FA5896D32A99266A003A5149 /* ErrorView.swift */,
				FA5896D72A9926AD003A5149 /* DetailRow.swift */,
				FA5896D92A99A1E0003A5149 /* ImageView.swift */,
			);
			path = Components;
			sourceTree = "<group>";
		};
		FA5896AF2A99066A003A5149 /* Screens */ = {
			isa = PBXGroup;
			children = (
				FA5896B02A990677003A5149 /* List */,
			);
			path = Screens;
			sourceTree = "<group>";
		};
		FA5896B02A990677003A5149 /* List */ = {
			isa = PBXGroup;
			children = (
				FA5896B22A990863003A5149 /* ListView.swift */,
				FA5896C62A991782003A5149 /* ListViewModel.swift */,
				FA5896C82A991792003A5149 /* DisplayItem.swift */,
			);
			path = List;
			sourceTree = "<group>";
		};
		FA5896B12A990691003A5149 /* Entities */ = {
			isa = PBXGroup;
			children = (
				FA5896B42A990910003A5149 /* Article.swift */,
				FA5896B62A990931003A5149 /* PopularResult.swift */,
			);
			path = Entities;
			sourceTree = "<group>";
		};
		FA5896CC2A991EC2003A5149 /* Services */ = {
			isa = PBXGroup;
			children = (
				FA5896CD2A991F2A003A5149 /* ArticleService.swift */,
				FA5896DD2A99A4C9003A5149 /* ImagesService.swift */,
			);
			path = Services;
			sourceTree = "<group>";
		};
		FAE6E1E02A98DEDD001407E2 = {
			isa = PBXGroup;
			children = (
				FAE6E1EB2A98DEDD001407E2 /* NewsReader */,
				FAE6E1EA2A98DEDD001407E2 /* Products */,
			);
			sourceTree = "<group>";
		};
		FAE6E1EA2A98DEDD001407E2 /* Products */ = {
			isa = PBXGroup;
			children = (
				FAE6E1E92A98DEDD001407E2 /* NewsReader.app */,
			);
			name = Products;
			sourceTree = "<group>";
		};
		FAE6E1EB2A98DEDD001407E2 /* NewsReader */ = {
			isa = PBXGroup;
			children = (
				FA5896CC2A991EC2003A5149 /* Services */,
				FA5896AC2A990616003A5149 /* Repositories */,
				FA5896AA2A9905D1003A5149 /* Application */,
				FA5896A92A9905BF003A5149 /* CoreData */,
				FA5896A82A9905BA003A5149 /* Network */,
				FA5896A72A990593003A5149 /* Utilities */,
				FA5896A52A99056D003A5149 /* Domain */,
				FA5896A42A990562003A5149 /* UI */,
				FAE6E1F52A98DEDE001407E2 /* Assets.xcassets */,
				FAE6E1F72A98DEDE001407E2 /* NewsReader.entitlements */,
				FAE6E1F02A98DEDD001407E2 /* NewsReader.xcdatamodeld */,
				FAE6E1F82A98DEDE001407E2 /* Preview Content */,
			);
			path = NewsReader;
			sourceTree = "<group>";
		};
		FAE6E1F82A98DEDE001407E2 /* Preview Content */ = {
			isa = PBXGroup;
			children = (
				FAE6E1F92A98DEDE001407E2 /* Preview Assets.xcassets */,
			);
			path = "Preview Content";
			sourceTree = "<group>";
		};
/* End PBXGroup section */

/* Begin PBXNativeTarget section */
		FAE6E1E82A98DEDD001407E2 /* NewsReader */ = {
			isa = PBXNativeTarget;
			buildConfigurationList = FAE6E1FD2A98DEDE001407E2 /* Build configuration list for PBXNativeTarget "NewsReader" */;
			buildPhases = (
				FAE6E1E52A98DEDD001407E2 /* Sources */,
				FAE6E1E62A98DEDD001407E2 /* Frameworks */,
				FAE6E1E72A98DEDD001407E2 /* Resources */,
			);
			buildRules = (
			);
			dependencies = (
			);
			name = NewsReader;
			productName = NewsReader;
			productReference = FAE6E1E92A98DEDD001407E2 /* NewsReader.app */;
			productType = "com.apple.product-type.application";
		};
/* End PBXNativeTarget section */

/* Begin PBXProject section */
		FAE6E1E12A98DEDD001407E2 /* Project object */ = {
			isa = PBXProject;
			attributes = {
				BuildIndependentTargetsInParallel = 1;
				LastSwiftUpdateCheck = 1430;
				LastUpgradeCheck = 1430;
				TargetAttributes = {
					FAE6E1E82A98DEDD001407E2 = {
						CreatedOnToolsVersion = 14.3.1;
					};
				};
			};
			buildConfigurationList = FAE6E1E42A98DEDD001407E2 /* Build configuration list for PBXProject "NewsReader" */;
			compatibilityVersion = "Xcode 14.0";
			developmentRegion = en;
			hasScannedForEncodings = 0;
			knownRegions = (
				en,
				Base,
			);
			mainGroup = FAE6E1E02A98DEDD001407E2;
			productRefGroup = FAE6E1EA2A98DEDD001407E2 /* Products */;
			projectDirPath = "";
			projectRoot = "";
			targets = (
				FAE6E1E82A98DEDD001407E2 /* NewsReader */,
			);
		};
/* End PBXProject section */

/* Begin PBXResourcesBuildPhase section */
		FAE6E1E72A98DEDD001407E2 /* Resources */ = {
			isa = PBXResourcesBuildPhase;
			buildActionMask = 2147483647;
			files = (
				FAE6E1FA2A98DEDE001407E2 /* Preview Assets.xcassets in Resources */,
				FAE6E1F62A98DEDE001407E2 /* Assets.xcassets in Resources */,
			);
			runOnlyForDeploymentPostprocessing = 0;
		};
/* End PBXResourcesBuildPhase section */

/* Begin PBXSourcesBuildPhase section */
		FAE6E1E52A98DEDD001407E2 /* Sources */ = {
			isa = PBXSourcesBuildPhase;
			buildActionMask = 2147483647;
			files = (
				FA5896DA2A99A1E0003A5149 /* ImageView.swift in Sources */,
				FA5896BF2A9909EF003A5149 /* WebRepository.swift in Sources */,
				FA5896DC2A99A2C1003A5149 /* ImageWebRepository.swift in Sources */,
				FA5896BB2A9909A4003A5149 /* NetworkConstants.swift in Sources */,
				FA5896C72A991782003A5149 /* ListViewModel.swift in Sources */,
				FA5896D22A9925A2003A5149 /* Store.swift in Sources */,
				FA5896B32A990863003A5149 /* ListView.swift in Sources */,
				FA5896C92A991792003A5149 /* DisplayItem.swift in Sources */,
				FA5896CE2A991F2A003A5149 /* ArticleService.swift in Sources */,
				FA5896D42A99266A003A5149 /* ErrorView.swift in Sources */,
				FAE6E1F22A98DEDD001407E2 /* NewsReader.xcdatamodeld in Sources */,
				FA5896C32A990A73003A5149 /* Loadable.swift in Sources */,
				FAE6E1ED2A98DEDD001407E2 /* NewsReaderApp.swift in Sources */,
				FA5896C52A990A8D003A5149 /* CancelBag.swift in Sources */,
				FAE6E1F42A98DEDD001407E2 /* ContentView.swift in Sources */,
				FA5896B72A990931003A5149 /* PopularResult.swift in Sources */,
				FA5896CB2A9919A2003A5149 /* ArticlesWebRepository.swift in Sources */,
				FA5896B52A990910003A5149 /* Article.swift in Sources */,
				FA5896C12A990A4B003A5149 /* NetworkingHelpers.swift in Sources */,
				FA5896DE2A99A4C9003A5149 /* ImagesService.swift in Sources */,
				FA5896BD2A9909CA003A5149 /* APICall.swift in Sources */,
				FA5896D82A9926AD003A5149 /* DetailRow.swift in Sources */,
			);
			runOnlyForDeploymentPostprocessing = 0;
		};
/* End PBXSourcesBuildPhase section */

/* Begin XCBuildConfiguration section */
		FAE6E1FB2A98DEDE001407E2 /* Debug */ = {
			isa = XCBuildConfiguration;
			buildSettings = {
				ALWAYS_SEARCH_USER_PATHS = NO;
				CLANG_ANALYZER_NONNULL = YES;
				CLANG_ANALYZER_NUMBER_OBJECT_CONVERSION = YES_AGGRESSIVE;
				CLANG_CXX_LANGUAGE_STANDARD = "gnu++20";
				CLANG_ENABLE_MODULES = YES;
				CLANG_ENABLE_OBJC_ARC = YES;
				CLANG_ENABLE_OBJC_WEAK = YES;
				CLANG_WARN_BLOCK_CAPTURE_AUTORELEASING = YES;
				CLANG_WARN_BOOL_CONVERSION = YES;
				CLANG_WARN_COMMA = YES;
				CLANG_WARN_CONSTANT_CONVERSION = YES;
				CLANG_WARN_DEPRECATED_OBJC_IMPLEMENTATIONS = YES;
				CLANG_WARN_DIRECT_OBJC_ISA_USAGE = YES_ERROR;
				CLANG_WARN_DOCUMENTATION_COMMENTS = YES;
				CLANG_WARN_EMPTY_BODY = YES;
				CLANG_WARN_ENUM_CONVERSION = YES;
				CLANG_WARN_INFINITE_RECURSION = YES;
				CLANG_WARN_INT_CONVERSION = YES;
				CLANG_WARN_NON_LITERAL_NULL_CONVERSION = YES;
				CLANG_WARN_OBJC_IMPLICIT_RETAIN_SELF = YES;
				CLANG_WARN_OBJC_LITERAL_CONVERSION = YES;
				CLANG_WARN_OBJC_ROOT_CLASS = YES_ERROR;
				CLANG_WARN_QUOTED_INCLUDE_IN_FRAMEWORK_HEADER = YES;
				CLANG_WARN_RANGE_LOOP_ANALYSIS = YES;
				CLANG_WARN_STRICT_PROTOTYPES = YES;
				CLANG_WARN_SUSPICIOUS_MOVE = YES;
				CLANG_WARN_UNGUARDED_AVAILABILITY = YES_AGGRESSIVE;
				CLANG_WARN_UNREACHABLE_CODE = YES;
				CLANG_WARN__DUPLICATE_METHOD_MATCH = YES;
				COPY_PHASE_STRIP = NO;
				DEBUG_INFORMATION_FORMAT = dwarf;
				ENABLE_STRICT_OBJC_MSGSEND = YES;
				ENABLE_TESTABILITY = YES;
				GCC_C_LANGUAGE_STANDARD = gnu11;
				GCC_DYNAMIC_NO_PIC = NO;
				GCC_NO_COMMON_BLOCKS = YES;
				GCC_OPTIMIZATION_LEVEL = 0;
				GCC_PREPROCESSOR_DEFINITIONS = (
					"DEBUG=1",
					"$(inherited)",
				);
				GCC_WARN_64_TO_32_BIT_CONVERSION = YES;
				GCC_WARN_ABOUT_RETURN_TYPE = YES_ERROR;
				GCC_WARN_UNDECLARED_SELECTOR = YES;
				GCC_WARN_UNINITIALIZED_AUTOS = YES_AGGRESSIVE;
				GCC_WARN_UNUSED_FUNCTION = YES;
				GCC_WARN_UNUSED_VARIABLE = YES;
				MTL_ENABLE_DEBUG_INFO = INCLUDE_SOURCE;
				MTL_FAST_MATH = YES;
				ONLY_ACTIVE_ARCH = YES;
				SWIFT_ACTIVE_COMPILATION_CONDITIONS = DEBUG;
				SWIFT_OPTIMIZATION_LEVEL = "-Onone";
			};
			name = Debug;
		};
		FAE6E1FC2A98DEDE001407E2 /* Release */ = {
			isa = XCBuildConfiguration;
			buildSettings = {
				ALWAYS_SEARCH_USER_PATHS = NO;
				CLANG_ANALYZER_NONNULL = YES;
				CLANG_ANALYZER_NUMBER_OBJECT_CONVERSION = YES_AGGRESSIVE;
				CLANG_CXX_LANGUAGE_STANDARD = "gnu++20";
				CLANG_ENABLE_MODULES = YES;
				CLANG_ENABLE_OBJC_ARC = YES;
				CLANG_ENABLE_OBJC_WEAK = YES;
				CLANG_WARN_BLOCK_CAPTURE_AUTORELEASING = YES;
				CLANG_WARN_BOOL_CONVERSION = YES;
				CLANG_WARN_COMMA = YES;
				CLANG_WARN_CONSTANT_CONVERSION = YES;
				CLANG_WARN_DEPRECATED_OBJC_IMPLEMENTATIONS = YES;
				CLANG_WARN_DIRECT_OBJC_ISA_USAGE = YES_ERROR;
				CLANG_WARN_DOCUMENTATION_COMMENTS = YES;
				CLANG_WARN_EMPTY_BODY = YES;
				CLANG_WARN_ENUM_CONVERSION = YES;
				CLANG_WARN_INFINITE_RECURSION = YES;
				CLANG_WARN_INT_CONVERSION = YES;
				CLANG_WARN_NON_LITERAL_NULL_CONVERSION = YES;
				CLANG_WARN_OBJC_IMPLICIT_RETAIN_SELF = YES;
				CLANG_WARN_OBJC_LITERAL_CONVERSION = YES;
				CLANG_WARN_OBJC_ROOT_CLASS = YES_ERROR;
				CLANG_WARN_QUOTED_INCLUDE_IN_FRAMEWORK_HEADER = YES;
				CLANG_WARN_RANGE_LOOP_ANALYSIS = YES;
				CLANG_WARN_STRICT_PROTOTYPES = YES;
				CLANG_WARN_SUSPICIOUS_MOVE = YES;
				CLANG_WARN_UNGUARDED_AVAILABILITY = YES_AGGRESSIVE;
				CLANG_WARN_UNREACHABLE_CODE = YES;
				CLANG_WARN__DUPLICATE_METHOD_MATCH = YES;
				COPY_PHASE_STRIP = NO;
				DEBUG_INFORMATION_FORMAT = "dwarf-with-dsym";
				ENABLE_NS_ASSERTIONS = NO;
				ENABLE_STRICT_OBJC_MSGSEND = YES;
				GCC_C_LANGUAGE_STANDARD = gnu11;
				GCC_NO_COMMON_BLOCKS = YES;
				GCC_WARN_64_TO_32_BIT_CONVERSION = YES;
				GCC_WARN_ABOUT_RETURN_TYPE = YES_ERROR;
				GCC_WARN_UNDECLARED_SELECTOR = YES;
				GCC_WARN_UNINITIALIZED_AUTOS = YES_AGGRESSIVE;
				GCC_WARN_UNUSED_FUNCTION = YES;
				GCC_WARN_UNUSED_VARIABLE = YES;
				MTL_ENABLE_DEBUG_INFO = NO;
				MTL_FAST_MATH = YES;
				SWIFT_COMPILATION_MODE = wholemodule;
				SWIFT_OPTIMIZATION_LEVEL = "-O";
			};
			name = Release;
		};
		FAE6E1FE2A98DEDE001407E2 /* Debug */ = {
			isa = XCBuildConfiguration;
			buildSettings = {
				ASSETCATALOG_COMPILER_APPICON_NAME = AppIcon;
				ASSETCATALOG_COMPILER_GLOBAL_ACCENT_COLOR_NAME = AccentColor;
				CODE_SIGN_ENTITLEMENTS = NewsReader/NewsReader.entitlements;
				CODE_SIGN_STYLE = Automatic;
				CURRENT_PROJECT_VERSION = 1;
				DEVELOPMENT_ASSET_PATHS = "\"NewsReader/Preview Content\"";
				ENABLE_PREVIEWS = YES;
				GENERATE_INFOPLIST_FILE = YES;
				"INFOPLIST_KEY_UIApplicationSceneManifest_Generation[sdk=iphoneos*]" = YES;
				"INFOPLIST_KEY_UIApplicationSceneManifest_Generation[sdk=iphonesimulator*]" = YES;
				"INFOPLIST_KEY_UIApplicationSupportsIndirectInputEvents[sdk=iphoneos*]" = YES;
				"INFOPLIST_KEY_UIApplicationSupportsIndirectInputEvents[sdk=iphonesimulator*]" = YES;
				"INFOPLIST_KEY_UILaunchScreen_Generation[sdk=iphoneos*]" = YES;
				"INFOPLIST_KEY_UILaunchScreen_Generation[sdk=iphonesimulator*]" = YES;
				"INFOPLIST_KEY_UIStatusBarStyle[sdk=iphoneos*]" = UIStatusBarStyleDefault;
				"INFOPLIST_KEY_UIStatusBarStyle[sdk=iphonesimulator*]" = UIStatusBarStyleDefault;
				INFOPLIST_KEY_UISupportedInterfaceOrientations_iPad = "UIInterfaceOrientationPortrait UIInterfaceOrientationPortraitUpsideDown UIInterfaceOrientationLandscapeLeft UIInterfaceOrientationLandscapeRight";
				INFOPLIST_KEY_UISupportedInterfaceOrientations_iPhone = "UIInterfaceOrientationPortrait UIInterfaceOrientationLandscapeLeft UIInterfaceOrientationLandscapeRight";
				IPHONEOS_DEPLOYMENT_TARGET = 16.4;
				LD_RUNPATH_SEARCH_PATHS = "@executable_path/Frameworks";
				"LD_RUNPATH_SEARCH_PATHS[sdk=macosx*]" = "@executable_path/../Frameworks";
				MACOSX_DEPLOYMENT_TARGET = 13.3;
				MARKETING_VERSION = 1.0;
				PRODUCT_BUNDLE_IDENTIFIER = com.kelvin.hoang.NewsReader;
				PRODUCT_NAME = "$(TARGET_NAME)";
				SDKROOT = auto;
				SUPPORTED_PLATFORMS = "iphoneos iphonesimulator macosx";
				SWIFT_EMIT_LOC_STRINGS = YES;
				SWIFT_VERSION = 5.0;
				TARGETED_DEVICE_FAMILY = "1,2";
			};
			name = Debug;
		};
		FAE6E1FF2A98DEDE001407E2 /* Release */ = {
			isa = XCBuildConfiguration;
			buildSettings = {
				ASSETCATALOG_COMPILER_APPICON_NAME = AppIcon;
				ASSETCATALOG_COMPILER_GLOBAL_ACCENT_COLOR_NAME = AccentColor;
				CODE_SIGN_ENTITLEMENTS = NewsReader/NewsReader.entitlements;
				CODE_SIGN_STYLE = Automatic;
				CURRENT_PROJECT_VERSION = 1;
				DEVELOPMENT_ASSET_PATHS = "\"NewsReader/Preview Content\"";
				ENABLE_PREVIEWS = YES;
				GENERATE_INFOPLIST_FILE = YES;
				"INFOPLIST_KEY_UIApplicationSceneManifest_Generation[sdk=iphoneos*]" = YES;
				"INFOPLIST_KEY_UIApplicationSceneManifest_Generation[sdk=iphonesimulator*]" = YES;
				"INFOPLIST_KEY_UIApplicationSupportsIndirectInputEvents[sdk=iphoneos*]" = YES;
				"INFOPLIST_KEY_UIApplicationSupportsIndirectInputEvents[sdk=iphonesimulator*]" = YES;
				"INFOPLIST_KEY_UILaunchScreen_Generation[sdk=iphoneos*]" = YES;
				"INFOPLIST_KEY_UILaunchScreen_Generation[sdk=iphonesimulator*]" = YES;
				"INFOPLIST_KEY_UIStatusBarStyle[sdk=iphoneos*]" = UIStatusBarStyleDefault;
				"INFOPLIST_KEY_UIStatusBarStyle[sdk=iphonesimulator*]" = UIStatusBarStyleDefault;
				INFOPLIST_KEY_UISupportedInterfaceOrientations_iPad = "UIInterfaceOrientationPortrait UIInterfaceOrientationPortraitUpsideDown UIInterfaceOrientationLandscapeLeft UIInterfaceOrientationLandscapeRight";
				INFOPLIST_KEY_UISupportedInterfaceOrientations_iPhone = "UIInterfaceOrientationPortrait UIInterfaceOrientationLandscapeLeft UIInterfaceOrientationLandscapeRight";
				IPHONEOS_DEPLOYMENT_TARGET = 16.4;
				LD_RUNPATH_SEARCH_PATHS = "@executable_path/Frameworks";
				"LD_RUNPATH_SEARCH_PATHS[sdk=macosx*]" = "@executable_path/../Frameworks";
				MACOSX_DEPLOYMENT_TARGET = 13.3;
				MARKETING_VERSION = 1.0;
				PRODUCT_BUNDLE_IDENTIFIER = com.kelvin.hoang.NewsReader;
				PRODUCT_NAME = "$(TARGET_NAME)";
				SDKROOT = auto;
				SUPPORTED_PLATFORMS = "iphoneos iphonesimulator macosx";
				SWIFT_EMIT_LOC_STRINGS = YES;
				SWIFT_VERSION = 5.0;
				TARGETED_DEVICE_FAMILY = "1,2";
			};
			name = Release;
		};
/* End XCBuildConfiguration section */

/* Begin XCConfigurationList section */
		FAE6E1E42A98DEDD001407E2 /* Build configuration list for PBXProject "NewsReader" */ = {
			isa = XCConfigurationList;
			buildConfigurations = (
				FAE6E1FB2A98DEDE001407E2 /* Debug */,
				FAE6E1FC2A98DEDE001407E2 /* Release */,
			);
			defaultConfigurationIsVisible = 0;
			defaultConfigurationName = Release;
		};
		FAE6E1FD2A98DEDE001407E2 /* Build configuration list for PBXNativeTarget "NewsReader" */ = {
			isa = XCConfigurationList;
			buildConfigurations = (
				FAE6E1FE2A98DEDE001407E2 /* Debug */,
				FAE6E1FF2A98DEDE001407E2 /* Release */,
			);
			defaultConfigurationIsVisible = 0;
			defaultConfigurationName = Release;
		};
/* End XCConfigurationList section */

/* Begin XCVersionGroup section */
		FAE6E1F02A98DEDD001407E2 /* NewsReader.xcdatamodeld */ = {
			isa = XCVersionGroup;
			children = (
				FAE6E1F12A98DEDD001407E2 /* NewsReader.xcdatamodel */,
			);
			currentVersion = FAE6E1F12A98DEDD001407E2 /* NewsReader.xcdatamodel */;
			path = NewsReader.xcdatamodeld;
			sourceTree = "<group>";
			versionGroupType = wrapper.xcdatamodel;
		};
/* End XCVersionGroup section */
	};
	rootObject = FAE6E1E12A98DEDD001407E2 /* Project object */;
}
